github.com/izzanzahrial/learn-go-module v1.0.0 h1:tmgBQYTvmm1xE8co3UNjuFlSJz03z4mamm+R1aYPvtw=
github.com/izzanzahrial/learn-go-module v1.0.0/go.mod h1:ieLtWkXJ/ag4WbMeMW7btknUu0h75s20aWpMRkPBt1w=
github.com/izzanzahrial/learn-go-module v1.0.1 h1:6qR7i2H/Ea4t0ADdka5HRJMl/dcdkG1O23MjSseMoOs=
github.com/izzanzahrial/learn-go-module v1.0.1/go.mod h1:ieLtWkXJ/ag4WbMeMW7btknUu0h75s20aWpMRkPBt1w=
github.com/izzanzahrial/learn-go-module/v2 v2.0.0 h1:mLbv4/1c+ba+mnNanPjq1NVFoVaI3O/XhHt+5dj7E3w=
github.com/izzanzahrial/learn-go-module/v2 v2.0.0/go.mod h1:/+DrJpcYjSxOieSJ3cMNxmD5Zbva5JRMYGRit6vdifc=
